
Microsoft Visual Studio Solution File, Format Version 12.00
# Visual Studio Version 17
VisualStudioVersion = 17.13.35825.156 d17.13
MinimumVisualStudioVersion = 10.0.40219.1
Project("{FAE04EC0-301F-11D3-BF4B-00C04F79EFBC}") = "GraphicSample", "GraphicSample\GraphicSample.csproj", "{EC370578-9E71-41D3-8FD2-DD3E11190848}"
EndProject
Global
	GlobalSection(SolutionConfigurationPlatforms) = preSolution
		Debug|Any CPU = Debug|Any CPU
		Release|Any CPU = Release|Any CPU
	EndGlobalSection
	GlobalSection(ProjectConfigurationPlatforms) = postSolution
		{EC370578-9E71-41D3-8FD2-DD3E11190848}.Debug|Any CPU.ActiveCfg = Debug|Any CPU
		{EC370578-9E71-41D3-8FD2-DD3E11190848}.Debug|Any CPU.Build.0 = Debug|Any CPU
		{EC370578-9E71-41D3-8FD2-DD3E11190848}.Release|Any CPU.ActiveCfg = Release|Any CPU
		{EC370578-9E71-41D3-8FD2-DD3E11190848}.Release|Any CPU.Build.0 = Release|Any CPU
	EndGlobalSection
	GlobalSection(SolutionProperties) = preSolution
		HideSolutionNode = FALSE
	EndGlobalSection
	GlobalSection(ExtensibilityGlobals) = postSolution
		SolutionGuid = {D04F08F9-FADF-4D86-9F76-DF7E3B57D536}
	EndGlobalSection
EndGlobal
