<Solution>
  <Project Path="D:/files/blend/gitpros/github/Blogs/dotnet/TcpPackSamples/Models/Models.csproj" />
  <Project Path="D:/files/blend/gitpros/github/Blogs/dotnet/TcpPackSamples/TcpLib/TcpLib.csproj" />
  <Project Path="D:/files/blend/gitpros/github/Blogs/dotnet/TcpPackSamples/TcpPackSamples/TcpPackSamples.csproj" />
</Solution>
